dependencies:
- name: postgresql
  repository: https://charts.bitnami.com/bitnami
  version: 16.7.27
- name: mongodb
  repository: https://charts.bitnami.com/bitnami
  version: 16.3.3
- name: nats
  repository: https://nats-io.github.io/k8s/helm/charts/
  version: 1.2.11
digest: sha256:8b9327666e894c860757b85d7dabcbb79dcea80cf6ce11e56bace8417b51e701
generated: "2026-05-21T23:20:05.137532-05:00"
